
Microsoft Visual Studio Solution File, Format Version 12.00
# Visual Studio 14
VisualStudioVersion = 14.0.25420.1
MinimumVisualStudioVersion = 10.0.40219.1
Project("{FAE04EC0-301F-11D3-BF4B-00C04F79EFBC}") = "ChessClock.Android", "ChessClock\ChessClock.Android\ChessClock.Android.csproj", "{3CF5FE36-EBE7-41D7-B1E8-0277268B5997}"
EndProject
Project("{FAE04EC0-301F-11D3-BF4B-00C04F79EFBC}") = "ChessClock", "ChessClock\ChessClock\ChessClock.csproj", "{514E92C6-21A8-4073-AEE9-8C85BD7CCFD6}"
EndProject
Project("{FAE04EC0-301F-11D3-BF4B-00C04F79EFBC}") = "ChessClock.iOS", "ChessClock\ChessClock.iOS\ChessClock.iOS.csproj", "{C230D459-0FFF-4947-AC97-BA0B6125DF7F}"
EndProject
Global
	GlobalSection(SolutionConfigurationPlatforms) = preSolution
		Ad-Hoc|Any CPU = Ad-Hoc|Any CPU
		Ad-Hoc|iPhone = Ad-Hoc|iPhone
		Ad-Hoc|iPhoneSimulator = Ad-Hoc|iPhoneSimulator
		AppStore|Any CPU = AppStore|Any CPU
		AppStore|iPhone = AppStore|iPhone
		AppStore|iPhoneSimulator = AppStore|iPhoneSimulator
		Debug|Any CPU = Debug|Any CPU
		Debug|iPhone = Debug|iPhone
		Debug|iPhoneSimulator = Debug|iPhoneSimulator
		Release|Any CPU = Release|Any CPU
		Release|iPhone = Release|iPhone
		Release|iPhoneSimulator = Release|iPhoneSimulator
	EndGlobalSection
	GlobalSection(ProjectConfigurationPlatforms) = postSolution
		{3CF5FE36-EBE7-41D7-B1E8-0277268B5997}.Ad-Hoc|Any CPU.ActiveCfg = Release|Any CPU
		{3CF5FE36-EBE7-41D7-B1E8-0277268B5997}.Ad-Hoc|Any CPU.Build.0 = Release|Any CPU
		{3CF5FE36-EBE7-41D7-B1E8-0277268B5997}.Ad-Hoc|Any CPU.Deploy.0 = Release|Any CPU
		{3CF5FE36-EBE7-41D7-B1E8-0277268B5997}.Ad-Hoc|iPhone.ActiveCfg = Release|Any CPU
		{3CF5FE36-EBE7-41D7-B1E8-0277268B5997}.Ad-Hoc|iPhone.Build.0 = Release|Any CPU
		{3CF5FE36-EBE7-41D7-B1E8-0277268B5997}.Ad-Hoc|iPhone.Deploy.0 = Release|Any CPU
		{3CF5FE36-EBE7-41D7-B1E8-0277268B5997}.Ad-Hoc|iPhoneSimulator.ActiveCfg = Release|Any CPU
		{3CF5FE36-EBE7-41D7-B1E8-0277268B5997}.Ad-Hoc|iPhoneSimulator.Build.0 = Release|Any CPU
		{3CF5FE36-EBE7-41D7-B1E8-0277268B5997}.Ad-Hoc|iPhoneSimulator.Deploy.0 = Release|Any CPU
		{3CF5FE36-EBE7-41D7-B1E8-0277268B5997}.AppStore|Any CPU.ActiveCfg = Release|Any CPU
		{3CF5FE36-EBE7-41D7-B1E8-0277268B5997}.AppStore|Any CPU.Build.0 = Release|Any CPU
		{3CF5FE36-EBE7-41D7-B1E8-0277268B5997}.AppStore|Any CPU.Deploy.0 = Release|Any CPU
		{3CF5FE36-EBE7-41D7-B1E8-0277268B5997}.AppStore|iPhone.ActiveCfg = Release|Any CPU
		{3CF5FE36-EBE7-41D7-B1E8-0277268B5997}.AppStore|iPhone.Build.0 = Release|Any CPU
		{3CF5FE36-EBE7-41D7-B1E8-0277268B5997}.AppStore|iPhone.Deploy.0 = Release|Any CPU
		{3CF5FE36-EBE7-41D7-B1E8-0277268B5997}.AppStore|iPhoneSimulator.ActiveCfg = Release|Any CPU
		{3CF5FE36-EBE7-41D7-B1E8-0277268B5997}.AppStore|iPhoneSimulator.Build.0 = Release|Any CPU
		{3CF5FE36-EBE7-41D7-B1E8-0277268B5997}.AppStore|iPhoneSimulator.Deploy.0 = Release|Any CPU
		{3CF5FE36-EBE7-41D7-B1E8-0277268B5997}.Debug|Any CPU.ActiveCfg = Debug|Any CPU
		{3CF5FE36-EBE7-41D7-B1E8-0277268B5997}.Debug|Any CPU.Build.0 = Debug|Any CPU
		{3CF5FE36-EBE7-41D7-B1E8-0277268B5997}.Debug|Any CPU.Deploy.0 = Debug|Any CPU
		{3CF5FE36-EBE7-41D7-B1E8-0277268B5997}.Debug|iPhone.ActiveCfg = Debug|Any CPU
		{3CF5FE36-EBE7-41D7-B1E8-0277268B5997}.Debug|iPhone.Build.0 = Debug|Any CPU
		{3CF5FE36-EBE7-41D7-B1E8-0277268B5997}.Debug|iPhone.Deploy.0 = Debug|Any CPU
		{3CF5FE36-EBE7-41D7-B1E8-0277268B5997}.Debug|iPhoneSimulator.ActiveCfg = Debug|Any CPU
		{3CF5FE36-EBE7-41D7-B1E8-0277268B5997}.Debug|iPhoneSimulator.Build.0 = Debug|Any CPU
		{3CF5FE36-EBE7-41D7-B1E8-0277268B5997}.Debug|iPhoneSimulator.Deploy.0 = Debug|Any CPU
		{3CF5FE36-EBE7-41D7-B1E8-0277268B5997}.Release|Any CPU.ActiveCfg = Release|Any CPU
		{3CF5FE36-EBE7-41D7-B1E8-0277268B5997}.Release|Any CPU.Build.0 = Release|Any CPU
		{3CF5FE36-EBE7-41D7-B1E8-0277268B5997}.Release|Any CPU.Deploy.0 = Release|Any CPU
		{3CF5FE36-EBE7-41D7-B1E8-0277268B5997}.Release|iPhone.ActiveCfg = Release|Any CPU
		{3CF5FE36-EBE7-41D7-B1E8-0277268B5997}.Release|iPhone.Build.0 = Release|Any CPU
		{3CF5FE36-EBE7-41D7-B1E8-0277268B5997}.Release|iPhone.Deploy.0 = Release|Any CPU
		{3CF5FE36-EBE7-41D7-B1E8-0277268B5997}.Release|iPhoneSimulator.ActiveCfg = Release|Any CPU
		{3CF5FE36-EBE7-41D7-B1E8-0277268B5997}.Release|iPhoneSimulator.Build.0 = Release|Any CPU
		{3CF5FE36-EBE7-41D7-B1E8-0277268B5997}.Release|iPhoneSimulator.Deploy.0 = Release|Any CPU
		{514E92C6-21A8-4073-AEE9-8C85BD7CCFD6}.Ad-Hoc|Any CPU.ActiveCfg = Release|Any CPU
		{514E92C6-21A8-4073-AEE9-8C85BD7CCFD6}.Ad-Hoc|Any CPU.Build.0 = Release|Any CPU
		{514E92C6-21A8-4073-AEE9-8C85BD7CCFD6}.Ad-Hoc|iPhone.ActiveCfg = Release|Any CPU
		{514E92C6-21A8-4073-AEE9-8C85BD7CCFD6}.Ad-Hoc|iPhone.Build.0 = Release|Any CPU
		{514E92C6-21A8-4073-AEE9-8C85BD7CCFD6}.Ad-Hoc|iPhoneSimulator.ActiveCfg = Release|Any CPU
		{514E92C6-21A8-4073-AEE9-8C85BD7CCFD6}.Ad-Hoc|iPhoneSimulator.Build.0 = Release|Any CPU
		{514E92C6-21A8-4073-AEE9-8C85BD7CCFD6}.AppStore|Any CPU.ActiveCfg = Release|Any CPU
		{514E92C6-21A8-4073-AEE9-8C85BD7CCFD6}.AppStore|Any CPU.Build.0 = Release|Any CPU
		{514E92C6-21A8-4073-AEE9-8C85BD7CCFD6}.AppStore|iPhone.ActiveCfg = Release|Any CPU
		{514E92C6-21A8-4073-AEE9-8C85BD7CCFD6}.AppStore|iPhone.Build.0 = Release|Any CPU
		{514E92C6-21A8-4073-AEE9-8C85BD7CCFD6}.AppStore|iPhoneSimulator.ActiveCfg = Release|Any CPU
		{514E92C6-21A8-4073-AEE9-8C85BD7CCFD6}.AppStore|iPhoneSimulator.Build.0 = Release|Any CPU
		{514E92C6-21A8-4073-AEE9-8C85BD7CCFD6}.Debug|Any CPU.ActiveCfg = Debug|Any CPU
		{514E92C6-21A8-4073-AEE9-8C85BD7CCFD6}.Debug|Any CPU.Build.0 = Debug|Any CPU
		{514E92C6-21A8-4073-AEE9-8C85BD7CCFD6}.Debug|iPhone.ActiveCfg = Debug|Any CPU
		{514E92C6-21A8-4073-AEE9-8C85BD7CCFD6}.Debug|iPhone.Build.0 = Debug|Any CPU
		{514E92C6-21A8-4073-AEE9-8C85BD7CCFD6}.Debug|iPhoneSimulator.ActiveCfg = Debug|Any CPU
		{514E92C6-21A8-4073-AEE9-8C85BD7CCFD6}.Debug|iPhoneSimulator.Build.0 = Debug|Any CPU
		{514E92C6-21A8-4073-AEE9-8C85BD7CCFD6}.Release|Any CPU.ActiveCfg = Release|Any CPU
		{514E92C6-21A8-4073-AEE9-8C85BD7CCFD6}.Release|Any CPU.Build.0 = Release|Any CPU
		{514E92C6-21A8-4073-AEE9-8C85BD7CCFD6}.Release|iPhone.ActiveCfg = Release|Any CPU
		{514E92C6-21A8-4073-AEE9-8C85BD7CCFD6}.Release|iPhone.Build.0 = Release|Any CPU
		{514E92C6-21A8-4073-AEE9-8C85BD7CCFD6}.Release|iPhoneSimulator.ActiveCfg = Release|Any CPU
		{514E92C6-21A8-4073-AEE9-8C85BD7CCFD6}.Release|iPhoneSimulator.Build.0 = Release|Any CPU
		{C230D459-0FFF-4947-AC97-BA0B6125DF7F}.Ad-Hoc|Any CPU.ActiveCfg = Ad-Hoc|iPhone
		{C230D459-0FFF-4947-AC97-BA0B6125DF7F}.Ad-Hoc|iPhone.ActiveCfg = Ad-Hoc|iPhone
		{C230D459-0FFF-4947-AC97-BA0B6125DF7F}.Ad-Hoc|iPhone.Build.0 = Ad-Hoc|iPhone
		{C230D459-0FFF-4947-AC97-BA0B6125DF7F}.Ad-Hoc|iPhoneSimulator.ActiveCfg = Ad-Hoc|iPhoneSimulator
		{C230D459-0FFF-4947-AC97-BA0B6125DF7F}.Ad-Hoc|iPhoneSimulator.Build.0 = Ad-Hoc|iPhoneSimulator
		{C230D459-0FFF-4947-AC97-BA0B6125DF7F}.AppStore|Any CPU.ActiveCfg = AppStore|iPhone
		{C230D459-0FFF-4947-AC97-BA0B6125DF7F}.AppStore|iPhone.ActiveCfg = AppStore|iPhone
		{C230D459-0FFF-4947-AC97-BA0B6125DF7F}.AppStore|iPhone.Build.0 = AppStore|iPhone
		{C230D459-0FFF-4947-AC97-BA0B6125DF7F}.AppStore|iPhoneSimulator.ActiveCfg = AppStore|iPhoneSimulator
		{C230D459-0FFF-4947-AC97-BA0B6125DF7F}.AppStore|iPhoneSimulator.Build.0 = AppStore|iPhoneSimulator
		{C230D459-0FFF-4947-AC97-BA0B6125DF7F}.Debug|Any CPU.ActiveCfg = Debug|iPhone
		{C230D459-0FFF-4947-AC97-BA0B6125DF7F}.Debug|iPhone.ActiveCfg = Debug|iPhone
		{C230D459-0FFF-4947-AC97-BA0B6125DF7F}.Debug|iPhone.Build.0 = Debug|iPhone
		{C230D459-0FFF-4947-AC97-BA0B6125DF7F}.Debug|iPhoneSimulator.ActiveCfg = Debug|iPhoneSimulator
		{C230D459-0FFF-4947-AC97-BA0B6125DF7F}.Debug|iPhoneSimulator.Build.0 = Debug|iPhoneSimulator
		{C230D459-0FFF-4947-AC97-BA0B6125DF7F}.Release|Any CPU.ActiveCfg = Release|iPhone
		{C230D459-0FFF-4947-AC97-BA0B6125DF7F}.Release|iPhone.ActiveCfg = Release|iPhone
		{C230D459-0FFF-4947-AC97-BA0B6125DF7F}.Release|iPhone.Build.0 = Release|iPhone
		{C230D459-0FFF-4947-AC97-BA0B6125DF7F}.Release|iPhoneSimulator.ActiveCfg = Release|iPhoneSimulator
		{C230D459-0FFF-4947-AC97-BA0B6125DF7F}.Release|iPhoneSimulator.Build.0 = Release|iPhoneSimulator
	EndGlobalSection
	GlobalSection(SolutionProperties) = preSolution
		HideSolutionNode = FALSE
	EndGlobalSection
EndGlobal
